# This file may be used to create an environment using:
# $ conda create --name <env> --file <this file>
# platform: osx-64
@EXPLICIT
https://conda.anaconda.org/conda-forge/osx-64/llvm-openmp-23.1.3-h8c1e6b9_0.conda#85edbb56b37fc44b823f32d126214059
https://conda.anaconda.org/conda-forge/osx-64/_openmp_mutex-4.5-8_kmp_llvm.conda#b9e2e7fcf1926cedbdb216a6974d67e3
https://conda.anaconda.org/conda-forge/osx-64/hicolor-icon-theme-0.17-h694c41f_3.conda#690e5077aaccf8d280a4284d7c9ec6b4
https://conda.anaconda.org/conda-forge/osx-64/libexpat-2.8.5-h6e061ac_0.conda#082b0cec641dcb5bbf71d2aa4b37bfd4
https://conda.anaconda.org/conda-forge/osx-64/libzlib-1.3.2-hbb4bfdb_3.conda#7d3fa28263bb7f8ea32db11f570a5bb6
https://conda.anaconda.org/conda-forge/osx-64/libpng-1.6.59-h4382c61_0.conda#ee02f407bc1a367df25d0cee798198de
https://conda.anaconda.org/conda-forge/osx-64/libfreetype6-2.14.3-h8afe040_2.conda#cb777bcdd21bcfcfdaf76ebe1e1e0488
https://conda.anaconda.org/conda-forge/osx-64/libfreetype-2.14.3-h694c41f_2.conda#d2538644f6f7f8b9ce10bdffaa7d3d17
https://conda.anaconda.org/conda-forge/osx-64/libiconv-1.18-h4ae439b_3.conda#9fd2f77288f43e462ccc6b0e5f018c89
https://conda.anaconda.org/conda-forge/osx-64/libintl-0.25.1-h98e67c8_2.conda#e2a18b5a25e8b2c3c24e6f185220299f
https://conda.anaconda.org/conda-forge/osx-64/fontconfig-2.18.3-h7f3b9c9_1.conda#beb62955ee805eff50e364f86ca2ee5c
https://conda.anaconda.org/conda-forge/noarch/font-ttf-dejavu-sans-mono-2.37-hab24e00_0.tar.bz2#0c96522c6bdaed4b1566d11387caaf45
https://conda.anaconda.org/conda-forge/noarch/font-ttf-inconsolata-3.000-h77eed37_0.tar.bz2#34893075a5c9e55cdafac56607368fc6
https://conda.anaconda.org/conda-forge/noarch/font-ttf-source-code-pro-2.038-h77eed37_0.tar.bz2#4d59c254e01d9cde7957100457e2d5fb
https://conda.anaconda.org/conda-forge/noarch/font-ttf-ubuntu-0.83-h77eed37_3.conda#49023d73832ef61042f6a237cb2687e7
https://conda.anaconda.org/conda-forge/noarch/fonts-conda-forge-1-hc364b38_1.conda#a7970cd949a077b7cb9696379d338681
https://conda.anaconda.org/conda-forge/noarch/fonts-conda-ecosystem-1-0.tar.bz2#fee5683a3f04bd15cbd8318b096a27ab
https://conda.anaconda.org/conda-forge/osx-64/icu-78.3-py313hbf1d544_2.conda#f13f4740c18b562bf2662d494bad6099
https://conda.anaconda.org/conda-forge/osx-64/libcxx-23.1.3-h19cb2f5_0.conda#55664c771bbae09ac41bd7c940c3a7e1
https://conda.anaconda.org/conda-forge/osx-64/libffi-3.7.0-h6b3a05b_1.conda#e077b71ae65754eda067e4125364b905
https://conda.anaconda.org/conda-forge/osx-64/bzip2-1.0.8-h374f1ed_10.conda#9d9a39212a876e4bb751c1cc3927b678
https://conda.anaconda.org/conda-forge/osx-64/pcre2-10.47-h31793e3_1.conda#81cf2094fa0fe0350f92921f6feab289
https://conda.anaconda.org/conda-forge/osx-64/libglib-2.90.1-h7e55108_0.conda#38ab3d302b085306eff1d8704b708c2d
https://conda.anaconda.org/conda-forge/osx-64/pixman-0.46.4-h2fb4741_3.conda#90abdf0a23ec21e68e965e9a1389d7e7
https://conda.anaconda.org/conda-forge/osx-64/cairo-1.18.6-h5791faa_0.conda#0f4816120b8af052d460ad3262b450c6
https://conda.anaconda.org/conda-forge/osx-64/libjpeg-turbo-3.2.0-ha1e9b39_1.conda#c864512172ac7b820637f6731287936c
https://conda.anaconda.org/conda-forge/osx-64/liblzma-5.8.3-hbb4bfdb_1.conda#daf49067580fbfeae3ac7f9535400494
https://conda.anaconda.org/conda-forge/osx-64/lerc-4.2.0-h35c7297_0.conda#09e24eb1868a9ffc04130730e7a34a59
https://conda.anaconda.org/conda-forge/osx-64/libdeflate-1.25-h7ad9622_1.conda#371a45a962d740d8191d46dd225e23df
https://conda.anaconda.org/conda-forge/osx-64/libwebp-base-1.6.0-hb276fe9_1.conda#abc3595bd7aab5df201b76ecef123583
https://conda.anaconda.org/conda-forge/osx-64/zstd-1.5.7-hbc1a06c_7.conda#c1d11f04327e40537ffe6cad5b131019
https://conda.anaconda.org/conda-forge/osx-64/libtiff-4.7.2-h01c3a8c_1.conda#ee440bf7977466b7661370804a9a26dc
https://conda.anaconda.org/conda-forge/osx-64/gdk-pixbuf-2.44.8-ha3e70bd_2.conda#6af16e46e2930c557108bbbed884eebf
https://conda.anaconda.org/conda-forge/osx-64/graphite2-1.3.15-h2fb4741_1.conda#540c672170d018be5d460cfa784c5326
https://conda.anaconda.org/conda-forge/osx-64/libharfbuzz-14.6.0-h2974713_1.conda#54423714677f30b3d7460100f8949b18
https://conda.anaconda.org/conda-forge/osx-64/libxml2-16-2.15.4-h8376fb4_1.conda#ac2c520a6273ce223060ed8f51c207be
https://conda.anaconda.org/conda-forge/osx-64/fribidi-1.0.17-hd115831_0.conda#de3916de5b702b60b8e1a860869ecfdd
https://conda.anaconda.org/conda-forge/osx-64/pango-1.58.2-hc5a6962_1.conda#93a24b8f530f98324cf10ad9cd7213b2
https://conda.anaconda.org/conda-forge/osx-64/librsvg-2.62.4-h43ae438_0.conda#01bd342d0b0d99195c5e66719341c548
https://conda.anaconda.org/conda-forge/noarch/adwaita-icon-theme-51.0-unix_0.conda#6f62266fb2bfc35a5071cfa1d6ffdcc9
https://conda.anaconda.org/conda-forge/osx-64/aom-3.14.1-pl5321hf898372_2.conda#615a0492c1b36fafa22633f0fd248cd0
https://conda.anaconda.org/conda-forge/osx-64/atk-1.0-2.38.0-h4bec284_2.conda#d9684247c943d492d9aac8687bc5db77
https://conda.anaconda.org/conda-forge/osx-64/gmp-6.3.0-h65442b7_3.conda#a02dd7bb48ecd345060a1203337aaa4a
https://conda.anaconda.org/conda-forge/osx-64/mpg123-1.33.7-h8d168ca_1.conda#0402c322bb2ce1428b40653a80acf56d
https://conda.anaconda.org/conda-forge/osx-64/lame-4.0-hf131caf_1.conda#3ee90fcb5953d1514ea78ec54936e32e
https://conda.anaconda.org/conda-forge/osx-64/libass-0.17.5-h979882d_1.conda#f287dee7009261446beadf10cb40b5fa
https://conda.anaconda.org/conda-forge/osx-64/libdav1d7-1.5.4-had63097_4.conda#078250579a45196dd297151a47ac062c
https://conda.anaconda.org/conda-forge/osx-64/libbrotlicommon-1.2.0-he0616a4_4.conda#faa59453024554888f67ac3142f6e4f4
https://conda.anaconda.org/conda-forge/osx-64/libbrotlidec-1.2.0-h4a2f56c_4.conda#23362431ccf826a88ea0bdefd2ffa9dd
https://conda.anaconda.org/conda-forge/osx-64/libbrotlienc-1.2.0-h3d41943_4.conda#c9d01f04f03fff927a846e1985a89383
https://conda.anaconda.org/conda-forge/osx-64/libhwy-1.4.0-ha8ee8a1_2.conda#76b70cf27e4d6a8ea83014991524982c
https://conda.anaconda.org/conda-forge/osx-64/libjxl-0.12.0-h5564675_4.conda#1230fc5884d0467e9330b3a5d981f175
https://conda.anaconda.org/conda-forge/osx-64/libopus-1.6.1-had63097_1.conda#640888207b191577ba6088fc1b0a4b05
https://conda.anaconda.org/conda-forge/osx-64/lcms2-2.19.1-h4e6bd4b_3.conda#9ed90c2008c0a13710a9bdf3ca6f4674
https://conda.anaconda.org/conda-forge/osx-64/libdovi-3.4.0-hee1dffb_1.conda#1f591cb6a1d204a6d21342d914dd60fc
https://conda.anaconda.org/conda-forge/osx-64/libvulkan-loader-1.4.357.0-h66869c8_2.conda#c49ac90c36cee077bb692f46c43c4818
https://conda.anaconda.org/conda-forge/osx-64/spirv-tools-2026.4-hf9f308f_0.conda#5f9be91e4c0603eab4cfe31e4d86ad84
https://conda.anaconda.org/conda-forge/osx-64/glslang-16.6.0-he9b0248_0.conda#885bbc92ef8ad348a2207210e94c3339
https://conda.anaconda.org/conda-forge/osx-64/shaderc-2026.3-hace2177_1.conda#8e187399af7217632902170daeb6209c
https://conda.anaconda.org/conda-forge/osx-64/libplacebo-7.360.1-h1ed201f_1.conda#99d6bda5b07ada8527c9542113106b60
https://conda.anaconda.org/conda-forge/osx-64/libogg-1.3.5-he3325bb_1.conda#d0f30c7fe90d08e9bd9c13cd60be6400
https://conda.anaconda.org/conda-forge/osx-64/libvorbis-1.3.7-ha059160_2.conda#8eadf13aee55e59089edaf2acaaaf4f7
https://conda.anaconda.org/conda-forge/osx-64/libvpx-1.17.0-h6e061ac_0.conda#d5edc3f69619e08fe5d1494baa92b939
https://conda.anaconda.org/conda-forge/osx-64/libxml2-2.15.4-hb56241c_1.conda#edd04dbc12bd4220029d8738e6f24097
https://conda.anaconda.org/conda-forge/osx-64/openh264-2.6.0-h29fea0d_2.conda#8cfabc526fd86d13578f69634cc51d78
https://conda.anaconda.org/conda-forge/noarch/ca-certificates-2026.7.22-hbd8a1cb_0.conda#0f51e2391ade309db462a55611263e9c
https://conda.anaconda.org/conda-forge/osx-64/openssl-3.6.5-h332eb6d_0.conda#615ac6cff316565b442cd1af8b94837f
https://conda.anaconda.org/conda-forge/osx-64/dbus-1.16.2-hebb0a2c_2.conda#bff2fc7ea2a7d14bd37071dcdc8c5e10
https://conda.anaconda.org/conda-forge/osx-64/libusb-1.0.30-had63097_0.conda#208871c39361d9079482329dfc721aef
https://conda.anaconda.org/conda-forge/osx-64/sdl3-3.4.18-h2f783eb_0.conda#bb1e4426179c4de6ee20ce663d4b8033
https://conda.anaconda.org/conda-forge/osx-64/sdl2-2.32.56-h2fb4741_0.conda#1986c166d7888162b30cbe2f81c2f75c
https://conda.anaconda.org/conda-forge/osx-64/svt-av1-4.2.0-h6e061ac_1.conda#d28898d9a54111de2a7fd19e4ca4cdbc
https://conda.anaconda.org/conda-forge/osx-64/x264-1!164.3095-hd115831_3.conda#2e2b66198a1910d718054f9b38637540
https://conda.anaconda.org/conda-forge/osx-64/x265-3.5-h78a8136_4.conda#f12aa7d346e822f76ff96cdaa9b66bdc
https://conda.anaconda.org/conda-forge/osx-64/ffmpeg-9.0.2-gpl_h50f6a28_103.conda#98a715ca7ca5309fd90f6bfea269945f
https://conda.anaconda.org/conda-forge/osx-64/libgcc-16.2.0-h13771c8_7.conda#80bbe7ebcdfa9cd4507383087c1e5959
https://conda.anaconda.org/conda-forge/osx-64/libgfortran5-16.2.0-h2539e6c_7.conda#28e49e55dd8fd418e95b14ba1d2cd884
https://conda.anaconda.org/conda-forge/osx-64/libgfortran-16.2.0-h7e5c614_7.conda#efff7b31ffdf1b64c2c4a8b5f89e9fc0
https://conda.anaconda.org/conda-forge/osx-64/libopenblas-0.3.34-openmp_h5c7ac21_1.conda#3e9f7a3115c55e96dc388c3ca6dbe889
https://conda.anaconda.org/conda-forge/osx-64/libblas-3.11.0-11_he492b99_openblas.conda#37f29370fe4ad22f66a8fe4d8fb91b67
https://conda.anaconda.org/conda-forge/osx-64/libcblas-3.11.0-11_h9b27e0a_openblas.conda#88a6541bdc26d9e146f37520fad2e415
https://conda.anaconda.org/conda-forge/osx-64/liblapack-3.11.0-11_h859234e_openblas.conda#d3319abaf7ea8afa19a0999d667ceb6e
https://conda.anaconda.org/conda-forge/osx-64/libpython-3.12.15-h31af0e7_1_cpython.conda#509d367a563befa2cef55d6bcc738594
https://conda.anaconda.org/conda-forge/osx-64/libsqlite-3.53.4-ha5db789_102.conda#3fd4d7c9bcb8d4911fc202a731b5bb38
https://conda.anaconda.org/conda-forge/osx-64/ncurses-6.6-hcc0dc9a_1.conda#88a79390f87c8f3334b9999a892e78d4
https://conda.anaconda.org/conda-forge/osx-64/readline-8.3-h000c2f7_1.conda#434eb49340f57827ef7ca3bb21f77c32
https://conda.anaconda.org/conda-forge/osx-64/tk-8.6.13-ha6c374e_4.conda#71c9f1f0267f2639523e898c6b50a4dc
https://conda.anaconda.org/conda-forge/noarch/tzdata-2026c-h151e31d_0.conda#fcb489df604d100968b737f2cb6076c6
https://conda.anaconda.org/conda-forge/osx-64/python-3.12.15-h6907cb8_1_cpython.conda#a260c070f0e8046a66ad7895421288f0
https://conda.anaconda.org/conda-forge/noarch/python_abi-3.12-9_cp312.conda#4c32076993e6270825441d059ab5c18b
https://conda.anaconda.org/conda-forge/osx-64/numpy-2.2.6-py312h6693b03_0.conda#486e149e3648cbf8b92b0512db99bce3
https://conda.anaconda.org/conda-forge/osx-64/pthread-stubs-0.4-hd115831_1004.conda#cf87bd0e4c376d95cce9a15461299dc6
https://conda.anaconda.org/conda-forge/osx-64/xorg-libxau-1.0.12-hd115831_2.conda#e784f58fa2e09f5c2852eb959b6e65a3
https://conda.anaconda.org/conda-forge/osx-64/xorg-libxdmcp-1.1.5-hd115831_2.conda#c3a5f1c212422f6ce0b8a1cbed9f7462
https://conda.anaconda.org/conda-forge/osx-64/libxcb-1.17.0-h2478c6c_1.conda#f964ec5d9d2aee3639c5797b0f801164
https://conda.anaconda.org/conda-forge/osx-64/openjpeg-2.5.4-he4eae51_1.conda#c4bd1f22c5f2fcefa2f41c81942df622
https://conda.anaconda.org/conda-forge/osx-64/zlib-ng-2.3.3-h646e873_1.conda#bd3ea0561628325241a9058fa70ec00e
https://conda.anaconda.org/conda-forge/osx-64/pillow-12.3.0-py312hf0f7b82_4.conda#6edd074edb792e02a958590056059928
https://conda.anaconda.org/conda-forge/osx-64/av-18.1.0-py312hb4a3709_1.conda#551f083ddec56fa6fdc068439c85b339
https://conda.anaconda.org/conda-forge/noarch/cpython-3.12.15-py312hd8ed1ab_1.conda#ffbe1672425828910121d8af18a275fa
https://conda.anaconda.org/conda-forge/osx-64/epoxy-1.5.10-h8616949_2.conda#efe7fa6c60b20cb0a3a22e8c3e7b721e
https://conda.anaconda.org/conda-forge/osx-64/fftw-3.3.11-nompi_h54214ab_100.conda#5174eb59171c77781c90fbff9eaf5c89
https://conda.anaconda.org/conda-forge/noarch/filelock-4.0.12-pyhd8ed1ab_0.conda#d6556b2fef359c26b25ff003af9ae2c1
https://conda.anaconda.org/conda-forge/osx-64/fmt-12.1.0-he6aba6a_1.conda#ec4e1142e56a0ff00b3e2864f134ac0b
https://conda.anaconda.org/conda-forge/osx-64/freetype-2.14.3-h694c41f_2.conda#570430c9aa9a903221d33e393dd21059
https://conda.anaconda.org/conda-forge/noarch/fsspec-2026.9.0-pyhd8ed1ab_0.conda#42de5cd170647599a84f468a42fabb89
https://conda.anaconda.org/conda-forge/osx-64/ghostscript-10.08.0-h6e061ac_0.conda#4f2cf94c7142596c02e010c9084d5851
https://conda.anaconda.org/conda-forge/osx-64/giflib-5.2.2-h0f9f378_1.conda#55887f245ec965ca51a08c2c7627a636
https://conda.anaconda.org/conda-forge/osx-64/glib-tools-2.90.1-h2cf9c05_0.conda#8731620722b77ea14e1a05edb03ffafb
https://conda.anaconda.org/conda-forge/osx-64/mpfr-4.2.2-ha50206a_1.conda#2802f4931f5e087cc2b5b7e443acb121
https://conda.anaconda.org/conda-forge/osx-64/mpc-1.4.0-ha50206a_1.conda#a5615280f1c0306a17400f524587707a
https://conda.anaconda.org/conda-forge/osx-64/gmpy2-2.3.2-py312h2a5f39c_0.conda#61815e1d3ca013e48138c7c7efefa6e6
https://conda.anaconda.org/conda-forge/osx-64/libharfbuzz-devel-14.6.0-h2974713_1.conda#ccd3ccae8dce183a1154c02c57717a95
https://conda.anaconda.org/conda-forge/osx-64/harfbuzz-14.6.0-h694c41f_1.conda#51a2ceb7070e070c34822d73c38c2180
https://conda.anaconda.org/conda-forge/osx-64/gtk3-3.24.52-hf2d442a_0.conda#76be17e448c23c6d1c99a56c15b15925
https://conda.anaconda.org/conda-forge/osx-64/gts-0.7.6-h53e17e3_4.conda#848cc963fcfbd063c7a023024aa3bec0
https://conda.anaconda.org/conda-forge/osx-64/libgd-2.3.3-hb2c11ec_12.conda#e12673b408d1eb708adb3ecc2f621d78
https://conda.anaconda.org/conda-forge/osx-64/graphviz-14.1.2-h44fc223_0.conda#4c1c78d65d867d032c07303cf38117ba
https://conda.anaconda.org/conda-forge/osx-64/rav1e-0.8.1-h618d828_0.conda#19c2d0ae0255c175faec576d43fe9763
https://conda.anaconda.org/conda-forge/osx-64/libavif16-1.4.2-h98589fb_4.conda#da27cec0f3a955054dd76ba0de365189
https://conda.anaconda.org/conda-forge/osx-64/libde265-1.1.3-h66869c8_1.conda#02c6c096c3e9d513b8fbb29af754b99d
https://conda.anaconda.org/conda-forge/osx-64/libheif-1.23.6-gpl_h3766be0_100.conda#0319eea484317ab489b3e176cd937c79
https://conda.anaconda.org/conda-forge/osx-64/jasper-4.2.9-h36fbcc0_2.conda#2320fc9efcf6b780b5e13f24fe00c23b
https://conda.anaconda.org/conda-forge/osx-64/libraw-0.22.2-h3650196_0.conda#4de79049ad3edcb891330ccb8902d2d7
https://conda.anaconda.org/conda-forge/osx-64/libzip-1.11.4-h99362d9_0.conda#f9fc709ccd3af1a52db801d293d5119b
https://conda.anaconda.org/conda-forge/osx-64/imath-3.2.3-h779a713_1.conda#3e250a6449b336bfb72c4b1f76d4772d
https://conda.anaconda.org/conda-forge/osx-64/openjph-0.32.0-he15e216_1.conda#1af20b0a441d516ffd13b801881f6d5f
https://conda.anaconda.org/conda-forge/osx-64/openexr-3.5.2-h9b6b18d_1.conda#be88285b7bc071fbde25ae6416826c09
https://conda.anaconda.org/conda-forge/osx-64/xorg-libx11-1.8.13-hd3cc91f_1.conda#c00b00db1a5fcb0dd5ba151cdf6a2129
https://conda.anaconda.org/conda-forge/osx-64/xorg-libxext-1.3.7-hd115831_1.conda#0c5625a39bb3ed3a7da6d7c1d058596c
https://conda.anaconda.org/conda-forge/osx-64/xorg-libxrender-0.9.12-ha1e9b39_1.conda#1ea5aadd238aed2e893866b8535c2793
https://conda.anaconda.org/conda-forge/osx-64/xorg-libice-1.1.2-ha3d0635_0.conda#7ce0bee1e02833e994471e092846f3be
https://conda.anaconda.org/conda-forge/osx-64/xorg-libsm-1.2.6-ha3d0635_1.conda#57197c66d5f65aae0ae3f127a1b2542e
https://conda.anaconda.org/conda-forge/osx-64/xorg-libxt-1.3.1-hd115831_1.conda#541944171d664efe6782fcb03fed4347
https://conda.anaconda.org/conda-forge/osx-64/imagemagick-7.1.2_31-agpl_hada34c3_101.conda#e4464402fa1cf1b8f5c76f9f9206bd99
https://conda.anaconda.org/conda-forge/osx-64/markupsafe-3.0.4-py312hbb2d1fb_0.conda#a68a0f41cf66e6e05cc872b1753b8284
https://conda.anaconda.org/conda-forge/noarch/jinja2-3.1.6-pyhcf101f3_1.conda#04558c96691bed63104678757beb4f8d
https://conda.anaconda.org/conda-forge/osx-64/liblapacke-3.11.0-11_h94b3770_openblas.conda#6a0e1a9abf350572552f598a457afa13
https://conda.anaconda.org/conda-forge/osx-64/openfst-1.8.4-h9275861_1.conda#1dfbf4395bedfa92f828966cc1b3daae
https://conda.anaconda.org/conda-forge/osx-64/kaldi-5.5.1172-cpu_h2909a30_5.conda#fc9992441268ab47bfc01a3c602b105a
https://conda.anaconda.org/conda-forge/osx-64/libabseil-20260526.0-cxx17_h6e8c311_2.conda#02e11f8c54cef4f022bc1a086d5f7c2f
https://conda.anaconda.org/conda-forge/osx-64/libprotobuf-7.35.1-h535088a_3.conda#89537ccce01328fac1b6cdeaa1433174
https://conda.anaconda.org/conda-forge/osx-64/libuv-1.52.1-ha3d0635_1.conda#17b0d6c818992264752f1a720be711fc
https://conda.anaconda.org/conda-forge/osx-64/onednn-3.13.4-omp_h5eafb4f_0.conda#1e16c62f85fb9274fc7032eaf1d803de
https://conda.anaconda.org/conda-forge/noarch/pybind11-abi-11-hc364b38_1.conda#f0599959a2447c1e544e216bddf393fa
https://conda.anaconda.org/conda-forge/osx-64/sleef-3.9.0-h289094c_0.conda#97fc81ba1dc812fb37000fe39afa3bf8
https://conda.anaconda.org/conda-forge/osx-64/libtorch-2.13.0-cpu_generic_h45ee3b8_4.conda#33737cde1a9f760b70b914c21d7cebbc
https://conda.anaconda.org/conda-forge/osx-64/llvmlite-0.44.0-py312ha696282_2.conda#2f0fe12375aaff95d6bbd184c8eb974c
https://conda.anaconda.org/conda-forge/osx-64/micromamba-2.9.0-0.tar.bz2#3c44cea4a9b63670ad814156e1cb672f
https://conda.anaconda.org/conda-forge/noarch/mpmath-1.4.1-pyhd8ed1ab_0.conda#2e81b32b805f406d23ba61938a184081
https://conda.anaconda.org/conda-forge/noarch/networkx-3.7-pyhc364b38_0.conda#ddc679d85e7c9c3738efd303b6580c69
https://conda.anaconda.org/conda-forge/osx-64/nodejs-22.23.2-hc6a723c_1.conda#e08c5681336e6714515dacdc00e9d768
https://conda.anaconda.org/conda-forge/noarch/nomkl-1.0-h5ca1d4c_0.tar.bz2#9a66894dfd07c4510beb6b3f9672ccc0
https://conda.anaconda.org/conda-forge/osx-64/numba-0.61.2-py312hae945ca_2.conda#481b2b431fc342d47040f556d23a66be
https://conda.anaconda.org/conda-forge/noarch/typing_extensions-4.16.0-pyhcf101f3_0.conda#c70ad746c22219b9700931707482992c
https://conda.anaconda.org/conda-forge/noarch/typing-extensions-4.16.0-h69aa097_0.conda#c680b5747e8c4c8f23dca0bb7042a8fc
https://conda.anaconda.org/conda-forge/osx-64/optree-0.20.0-py312hababfa3_1.conda#f96efebbb3e083718ef5130a83ef4137
https://conda.anaconda.org/conda-forge/noarch/packaging-26.3-pyhc364b38_0.conda#936687ed80f295a1f5dbcf8bd34c252c
https://conda.anaconda.org/conda-forge/noarch/setuptools-81.0.0-pyh332efcf_0.conda#d629a398d7bf872f9ed7b27ab959de15
https://conda.anaconda.org/conda-forge/noarch/wheel-0.48.0-pyhd8ed1ab_0.conda#9a2124517bfd5d792e0f7b86eefdfeb8
https://conda.anaconda.org/conda-forge/noarch/pip-26.2.1-pyh8b19718_0.conda#77b6cf3b0689d9fc68561df0db9b856d
https://conda.anaconda.org/conda-forge/noarch/pybind11-global-3.0.4-pyh648e204_0.conda#e594cb485091100204e0b77cb5709896
https://conda.anaconda.org/conda-forge/noarch/pybind11-3.0.4-pyh293190f_0.conda#2e57132f130bffcb5a8b17092b2871bc
https://conda.anaconda.org/conda-forge/noarch/sympy-1.14.0-pyh2585a3b_106.conda#32d866e43b25275f61566b9391ccb7b5
https://conda.anaconda.org/conda-forge/osx-64/pytorch-2.13.0-cpu_generic_py312_he8c89e5_4.conda#7d45819475c633310e46482474b93af6
https://conda.anaconda.org/conda-forge/osx-64/resvg-0.47.0-ha35cfd3_0.conda#64cca7791eb7497971d8404c0b94aaf7
https://conda.anaconda.org/conda-forge/osx-64/torchcodec-0.16.0-cpu_py312_h102c423_0.conda#fec4a8be1e56cc07c9c97c61de18ad49
https://conda.anaconda.org/conda-forge/osx-64/torchaudio-2.11.0-cpu_py312h13749ac_4.conda#ae6379900b5519cc9447e64a90108fa5
https://conda.anaconda.org/conda-forge/osx-64/uv-0.12.23-h76ff3f9_0.conda#e4c00177c357a32b8ef183cce2b57d0d
